# THIS IS AN AUTOGENERATED FILE. DO NOT EDIT THIS FILE DIRECTLY.
# yarn lockfile v1


"@types/node@^16.11.11":
  version "16.18.48"
  resolved "https://registry.yarnpkg.com/@types/node/-/node-16.18.48.tgz#3bc872236cdb31cb51024d8875d655e25db489a4"
  integrity sha512-mlaecDKQ7rIZrYD7iiKNdzFb6e/qD5I9U1rAhq+Fd+DWvYVs+G2kv74UFHmSOlg5+i/vF3XxuR522V4u8BqO+Q==

"@types/prop-types@*":
  version "15.7.5"
  resolved "https://registry.yarnpkg.com/@types/prop-types/-/prop-types-15.7.5.tgz#5f19d2b85a98e9558036f6a3cacc8819420f05cf"
  integrity sha512-JCB8C6SnDoQf0cNycqd/35A7MjcnK+ZTqE7judS6o7utxUCg6imJg3QK2qzHKszlTjcj2cn+NwMB2i96ubpj7w==

"@types/react@^18.2.21":
  version "18.2.21"
  resolved "https://registry.yarnpkg.com/@types/react/-/react-18.2.21.tgz#774c37fd01b522d0b91aed04811b58e4e0514ed9"
  integrity sha512-neFKG/sBAwGxHgXiIxnbm3/AAVQ/cMRS93hvBpg8xYRbeQSPVABp9U2bRnPf0iI4+Ucdv3plSxKK+3CW2ENJxA==
  dependencies:
    "@types/prop-types" "*"
    "@types/scheduler" "*"
    csstype "^3.0.2"

"@types/scheduler@*":
  version "0.16.3"
  resolved "https://registry.yarnpkg.com/@types/scheduler/-/scheduler-0.16.3.tgz#cef09e3ec9af1d63d2a6cc5b383a737e24e6dcf5"
  integrity sha512-5cJ8CB4yAx7BH1oMvdU0Jh9lrEXyPkar6F9G/ERswkCuvP4KQZfZkSjcMbAICCpQTN4OuZn8tz0HiKv9TGZgrQ==

csstype@^3.0.2:
  version "3.1.2"
  resolved "https://registry.yarnpkg.com/csstype/-/csstype-3.1.2.tgz#1d4bf9d572f11c14031f0436e1c10bc1f571f50b"
  integrity sha512-I7K1Uu0MBPzaFKg4nI5Q7Vs2t+3gWWW648spaF+Rg7pI9ds18Ugn+lvg4SHczUdKlHI5LWBXyqfS8+DufyBsgQ==

"custapoucoseduzir.productgrid@http://custapoucoseduzir.vtexassets.com/_v/public/typings/v1/custapoucoseduzir.productgrid@0.0.8/public/@types/custapoucoseduzir.productgrid":
  version "0.0.8"
  resolved "http://custapoucoseduzir.vtexassets.com/_v/public/typings/v1/custapoucoseduzir.productgrid@0.0.8/public/@types/custapoucoseduzir.productgrid#42c9edb00989336f2d8bcd8d3a16a41a1037501d"

"custapoucoseduzir.sizetable@http://custapoucoseduzir.vtexassets.com/_v/public/typings/v1/custapoucoseduzir.sizetable@1.0.3/public/@types/custapoucoseduzir.sizetable":
  version "1.0.3"
  resolved "http://custapoucoseduzir.vtexassets.com/_v/public/typings/v1/custapoucoseduzir.sizetable@1.0.3/public/@types/custapoucoseduzir.sizetable#86a7ca301c52f11c813340341fe9d999acc3c92e"

"custapoucoseduzir.strong-minicart@http://custapoucoseduzir.vtexassets.com/_v/public/typings/v1/custapoucoseduzir.strong-minicart@2.71.6/public/@types/custapoucoseduzir.strong-minicart":
  version "2.71.6"
  resolved "http://custapoucoseduzir.vtexassets.com/_v/public/typings/v1/custapoucoseduzir.strong-minicart@2.71.6/public/@types/custapoucoseduzir.strong-minicart#9a34882855e19723632c07d12a43263b97964645"

"custapoucoseduzir.theme@http://custapoucoseduzir.vtexassets.com/_v/public/typings/v1/custapoucoseduzir.theme@5.0.26/public/@types/custapoucoseduzir.theme":
  version "5.0.26"
  resolved "http://custapoucoseduzir.vtexassets.com/_v/public/typings/v1/custapoucoseduzir.theme@5.0.26/public/@types/custapoucoseduzir.theme#3b09c47550b78b8ba3bdd1544c72cfe8b1326bcd"

"js-tokens@^3.0.0 || ^4.0.0":
  version "4.0.0"
  resolved "https://registry.yarnpkg.com/js-tokens/-/js-tokens-4.0.0.tgz#19203fb59991df98e3a287050d4647cdeaf32499"
  integrity sha512-RdJUflcE3cUzKiMqQgsCu06FPu9UdIJO0beYbPhHN4k6apgJtifcoCtT9bcxOpYBtpD2kCM6Sbzg4CausW/PKQ==

loose-envify@^1.4.0:
  version "1.4.0"
  resolved "https://registry.yarnpkg.com/loose-envify/-/loose-envify-1.4.0.tgz#71ee51fa7be4caec1a63839f7e682d8132d30caf"
  integrity sha512-lyuxPGr/Wfhrlem2CL/UcnUc1zcqKAImBDzukY7Y5F/yQiNdko6+fRLevlw1HgMySw7f611UIY408EtxRSoK3Q==
  dependencies:
    js-tokens "^3.0.0 || ^4.0.0"

object-assign@^4.1.1:
  version "4.1.1"
  resolved "https://registry.yarnpkg.com/object-assign/-/object-assign-4.1.1.tgz#2109adc7965887cfc05cbbd442cac8bfbb360863"
  integrity sha512-rJgTQnkUnH1sFw8yT6VSU3zD3sWmu6sZhIseY8VX+GRu3P6F7Fu+JNDoXfklElbLJSnc3FUQHVe4cU5hj+BcUg==

prop-types@^15.7.2:
  version "15.8.1"
  resolved "https://registry.yarnpkg.com/prop-types/-/prop-types-15.8.1.tgz#67d87bf1a694f48435cf332c24af10214a3140b5"
  integrity sha512-oj87CgZICdulUohogVAR7AjlC0327U4el4L6eAvOqCeudMDVU0NThNaV+b9Df4dXgSP1gXMTnPdhfe/2qDH5cg==
  dependencies:
    loose-envify "^1.4.0"
    object-assign "^4.1.1"
    react-is "^16.13.1"

react-countdown@^2.3.5:
  version "2.3.5"
  resolved "https://registry.yarnpkg.com/react-countdown/-/react-countdown-2.3.5.tgz#70c035b5cbc7e8fdb4ad91fe5f44afd7a7933a68"
  integrity sha512-K26ENYEesMfPxhRRtm1r+Pf70SErrvW3g4CArLi/x6MPFjgfDFYePT4UghEj8p2nI0cqVV7/JjDgjyr//U60Og==
  dependencies:
    prop-types "^15.7.2"

react-is@^16.13.1:
  version "16.13.1"
  resolved "https://registry.yarnpkg.com/react-is/-/react-is-16.13.1.tgz#789729a4dc36de2999dc156dd6c1d9c18cea56a4"
  integrity sha512-24e6ynE2H+OKt4kqsOvNd8kBpV65zoxbA4BVsEOB3ARVWQki/DHzaUoC5KuON/BiccDaCCTZBuOcfZs70kR8bQ==

"vtex.add-to-cart-button@http://vtex.vtexassets.com/_v/public/typings/v1/vtex.add-to-cart-button@0.30.2/public/@types/vtex.add-to-cart-button":
  version "0.30.2"
  resolved "http://vtex.vtexassets.com/_v/public/typings/v1/vtex.add-to-cart-button@0.30.2/public/@types/vtex.add-to-cart-button#460e38a0fca759d2eba382ebe6cd92d6c645b0b6"

"vtex.address-form@http://vtex.vtexassets.com/_v/public/typings/v1/vtex.address-form@4.24.3/public/@types/vtex.address-form":
  version "4.24.3"
  resolved "http://vtex.vtexassets.com/_v/public/typings/v1/vtex.address-form@4.24.3/public/@types/vtex.address-form#001990f5774e8b2175d14536c01df3981356e2a2"

"vtex.address-locator@http://vtex.vtexassets.com/_v/public/typings/v1/vtex.address-locator@2.4.1/public/@types/vtex.address-locator":
  version "2.4.1"
  resolved "http://vtex.vtexassets.com/_v/public/typings/v1/vtex.address-locator@2.4.1/public/@types/vtex.address-locator#78886cc4a50fc61f846d4e6159ec1d3b28eb826e"

"vtex.admin-search@http://vtex.vtexassets.com/_v/public/typings/v1/vtex.admin-search@1.90.0/public/@types/vtex.admin-search":
  version "1.90.0"
  resolved "http://vtex.vtexassets.com/_v/public/typings/v1/vtex.admin-search@1.90.0/public/@types/vtex.admin-search#37c39a3032e7195fedf1fe6ef93939f3a7241419"

"vtex.breadcrumb@http://vtex.vtexassets.com/_v/public/typings/v1/vtex.breadcrumb@1.9.4/public/@types/vtex.breadcrumb":
  version "1.9.4"
  resolved "http://vtex.vtexassets.com/_v/public/typings/v1/vtex.breadcrumb@1.9.4/public/@types/vtex.breadcrumb#624d6ddbd839bccd2b08e10f0f5f4a0509de834b"

"vtex.carousel@http://vtex.vtexassets.com/_v/public/typings/v1/vtex.carousel@2.12.1/public/@types/vtex.carousel":
  version "2.12.1"
  resolved "http://vtex.vtexassets.com/_v/public/typings/v1/vtex.carousel@2.12.1/public/@types/vtex.carousel#f99139a9d22227fa239192a058defd13f8cc50be"

"vtex.category-menu@http://vtex.vtexassets.com/_v/public/typings/v1/vtex.category-menu@2.18.0/public/@types/vtex.category-menu":
  version "2.18.0"
  resolved "http://vtex.vtexassets.com/_v/public/typings/v1/vtex.category-menu@2.18.0/public/@types/vtex.category-menu#e485af741eb9e96fbfc6a0e31ccc5240b910d8d7"

"vtex.checkout-summary@http://vtex.vtexassets.com/_v/public/typings/v1/vtex.checkout-summary@0.22.0/public/@types/vtex.checkout-summary":
  version "0.22.0"
  resolved "http://vtex.vtexassets.com/_v/public/typings/v1/vtex.checkout-summary@0.22.0/public/@types/vtex.checkout-summary#c6d3dbd76be90cd18c4a6e03a00284dc4f12f352"

"vtex.condition-layout@http://vtex.vtexassets.com/_v/public/typings/v1/vtex.condition-layout@2.8.1/public/@types/vtex.condition-layout":
  version "2.8.1"
  resolved "http://vtex.vtexassets.com/_v/public/typings/v1/vtex.condition-layout@2.8.1/public/@types/vtex.condition-layout#59d2d0f17849703ddea25436a72c6cf3e300d6b4"

"vtex.css-handles@http://vtex.vtexassets.com/_v/public/typings/v1/vtex.css-handles@1.0.1/public/@types/vtex.css-handles":
  version "1.0.1"
  resolved "http://vtex.vtexassets.com/_v/public/typings/v1/vtex.css-handles@1.0.1/public/@types/vtex.css-handles#9444e64afad49e3ace3461f170b7d28f29b78d07"

"vtex.disclosure-layout@http://vtex.vtexassets.com/_v/public/typings/v1/vtex.disclosure-layout@1.0.3/public/@types/vtex.disclosure-layout":
  version "1.0.3"
  resolved "http://vtex.vtexassets.com/_v/public/typings/v1/vtex.disclosure-layout@1.0.3/public/@types/vtex.disclosure-layout#15590cd6a3f23e5a7591d76ad1a44b5c0c6a088a"

"vtex.disposition-layout@http://vtex.vtexassets.com/_v/public/typings/v1/vtex.disposition-layout@1.0.1/public/@types/vtex.disposition-layout":
  version "1.0.1"
  resolved "http://vtex.vtexassets.com/_v/public/typings/v1/vtex.disposition-layout@1.0.1/public/@types/vtex.disposition-layout#4d13023e9d4f6d604cd5bff84396c5dd9fab2e16"

"vtex.flex-layout@http://vtex.vtexassets.com/_v/public/typings/v1/vtex.flex-layout@0.21.3/public/@types/vtex.flex-layout":
  version "0.21.3"
  resolved "http://vtex.vtexassets.com/_v/public/typings/v1/vtex.flex-layout@0.21.3/public/@types/vtex.flex-layout#407f0e310545ff006f08afb35f5d38ace4546435"

"vtex.format-currency@http://vtex.vtexassets.com/_v/public/typings/v1/vtex.format-currency@0.4.1/public/@types/vtex.format-currency":
  version "0.4.1"
  resolved "http://vtex.vtexassets.com/_v/public/typings/v1/vtex.format-currency@0.4.1/public/@types/vtex.format-currency#aaed82b498270f0bb6f37e93eff7e7f401e4d283"

"vtex.iframe@http://vtex.vtexassets.com/_v/public/typings/v1/vtex.iframe@0.8.0/public/@types/vtex.iframe":
  version "0.8.0"
  resolved "http://vtex.vtexassets.com/_v/public/typings/v1/vtex.iframe@0.8.0/public/@types/vtex.iframe#201ccc038cec1a5eeb5e1e5a751a7337268d198e"

"vtex.list-context@http://vtex.vtexassets.com/_v/public/typings/v1/vtex.list-context@0.2.0/public/@types/vtex.list-context":
  version "0.2.0"
  resolved "http://vtex.vtexassets.com/_v/public/typings/v1/vtex.list-context@0.2.0/public/@types/vtex.list-context#935b748d394851ced7f3b06bbedf59f4ee3ca8a6"

"vtex.locale-switcher@http://vtex.vtexassets.com/_v/public/typings/v1/vtex.locale-switcher@0.5.6/public/@types/vtex.locale-switcher":
  version "0.5.6"
  resolved "http://vtex.vtexassets.com/_v/public/typings/v1/vtex.locale-switcher@0.5.6/public/@types/vtex.locale-switcher#5db8558af5593d65e4fff3da0903d0081dfcab42"

"vtex.login@http://vtex.vtexassets.com/_v/public/typings/v1/vtex.login@2.60.0/public/@types/vtex.login":
  version "2.60.0"
  resolved "http://vtex.vtexassets.com/_v/public/typings/v1/vtex.login@2.60.0/public/@types/vtex.login#91cda2b8f1e69fb6828fc24ecdc2260a2b5ff241"

"vtex.mega-menu@http://vtex.vtexassets.com/_v/public/typings/v1/vtex.mega-menu@0.2.0/public/@types/vtex.mega-menu":
  version "0.2.0"
  resolved "http://vtex.vtexassets.com/_v/public/typings/v1/vtex.mega-menu@0.2.0/public/@types/vtex.mega-menu#3d035c6240b9cb2bfc66ffdba7cdab71ad490b66"

"vtex.menu@http://vtex.vtexassets.com/_v/public/typings/v1/vtex.menu@2.35.1/public/@types/vtex.menu":
  version "2.35.1"
  resolved "http://vtex.vtexassets.com/_v/public/typings/v1/vtex.menu@2.35.1/public/@types/vtex.menu#4f3c5748c116a441904efca1fde31a95415a4808"

"vtex.modal-layout@http://vtex.vtexassets.com/_v/public/typings/v1/vtex.modal-layout@0.14.1/public/@types/vtex.modal-layout":
  version "0.14.1"
  resolved "http://vtex.vtexassets.com/_v/public/typings/v1/vtex.modal-layout@0.14.1/public/@types/vtex.modal-layout#c25eaff0dc7ecdc1021f4d00e354b9e23749c6f4"

"vtex.modal@http://vtex.vtexassets.com/_v/public/typings/v1/vtex.modal@0.2.2/public/@types/vtex.modal":
  version "0.2.2"
  resolved "http://vtex.vtexassets.com/_v/public/typings/v1/vtex.modal@0.2.2/public/@types/vtex.modal#164c756a020e0f960f65b8c9550a7cb080d42edb"

"vtex.my-account@http://vtex.vtexassets.com/_v/public/typings/v1/vtex.my-account@1.27.1/public/@types/vtex.my-account":
  version "1.27.1"
  resolved "http://vtex.vtexassets.com/_v/public/typings/v1/vtex.my-account@1.27.1/public/@types/vtex.my-account#bb94dc0514950137df740439a599d3f413624d75"

"vtex.my-orders@http://vtex.vtexassets.com/_v/public/typings/v1/vtex.my-orders@4.6.0/public/@types/vtex.my-orders":
  version "4.6.0"
  resolved "http://vtex.vtexassets.com/_v/public/typings/v1/vtex.my-orders@4.6.0/public/@types/vtex.my-orders#cc8e37ad04d356fd72ee624bdba2ec8dccf1d80c"

"vtex.order-manager@http://vtex.vtexassets.com/_v/public/typings/v1/vtex.order-manager@0.12.0/public/@types/vtex.order-manager":
  version "0.12.0"
  resolved "http://vtex.vtexassets.com/_v/public/typings/v1/vtex.order-manager@0.12.0/public/@types/vtex.order-manager#2cf6a9d2a31bc503b783c257695b0d17c09b5696"

"vtex.order-placed@http://vtex.vtexassets.com/_v/public/typings/v1/vtex.order-placed@2.17.2/public/@types/vtex.order-placed":
  version "2.17.2"
  resolved "http://vtex.vtexassets.com/_v/public/typings/v1/vtex.order-placed@2.17.2/public/@types/vtex.order-placed#5a015e206e512d8badfb54c74f51d4cf72c670f7"

"vtex.overlay-layout@http://vtex.vtexassets.com/_v/public/typings/v1/vtex.overlay-layout@0.1.3/public/@types/vtex.overlay-layout":
  version "0.1.3"
  resolved "http://vtex.vtexassets.com/_v/public/typings/v1/vtex.overlay-layout@0.1.3/public/@types/vtex.overlay-layout#59950a8f730d416144dc24ad476e9011272b59d5"

"vtex.product-availability@http://vtex.vtexassets.com/_v/public/typings/v1/vtex.product-availability@0.3.1/public/@types/vtex.product-availability":
  version "0.3.1"
  resolved "http://vtex.vtexassets.com/_v/public/typings/v1/vtex.product-availability@0.3.1/public/@types/vtex.product-availability#2fd58086ab7d5f738cb1a9da79239d637072f84d"

"vtex.product-bookmark-interfaces@http://vtex.vtexassets.com/_v/public/typings/v1/vtex.product-bookmark-interfaces@1.0.1/public/@types/vtex.product-bookmark-interfaces":
  version "1.0.1"
  resolved "http://vtex.vtexassets.com/_v/public/typings/v1/vtex.product-bookmark-interfaces@1.0.1/public/@types/vtex.product-bookmark-interfaces#2c26815e4afa45b2e254a23e5abb356424bb09e7"

"vtex.product-context@http://vtex.vtexassets.com/_v/public/typings/v1/vtex.product-context@0.10.1/public/@types/vtex.product-context":
  version "0.10.1"
  resolved "http://vtex.vtexassets.com/_v/public/typings/v1/vtex.product-context@0.10.1/public/@types/vtex.product-context#86ceba68085420edcf54749f07e51a257d2e5d94"

"vtex.product-customizer@http://vtex.vtexassets.com/_v/public/typings/v1/vtex.product-customizer@2.12.4/public/@types/vtex.product-customizer":
  version "2.12.4"
  resolved "http://vtex.vtexassets.com/_v/public/typings/v1/vtex.product-customizer@2.12.4/public/@types/vtex.product-customizer#b7a9b80f96ef9663e92d033f69111a2e19b30237"

"vtex.product-details@http://vtex.vtexassets.com/_v/public/typings/v1/vtex.product-details@1.22.0/public/@types/vtex.product-details":
  version "1.22.0"
  resolved "http://vtex.vtexassets.com/_v/public/typings/v1/vtex.product-details@1.22.0/public/@types/vtex.product-details#c2829a3a2c8b8f48ee273280a86859449b9835f8"

"vtex.product-gifts@http://vtex.vtexassets.com/_v/public/typings/v1/vtex.product-gifts@0.4.0/public/@types/vtex.product-gifts":
  version "0.4.0"
  resolved "http://vtex.vtexassets.com/_v/public/typings/v1/vtex.product-gifts@0.4.0/public/@types/vtex.product-gifts#72da495c439e513a91ba22e4e34cc026caf2b11f"

"vtex.product-highlights@http://vtex.vtexassets.com/_v/public/typings/v1/vtex.product-highlights@2.3.0/public/@types/vtex.product-highlights":
  version "2.3.0"
  resolved "http://vtex.vtexassets.com/_v/public/typings/v1/vtex.product-highlights@2.3.0/public/@types/vtex.product-highlights#ee2e664a9d45e42e147612e92f0decccaac23dc8"

"vtex.product-identifier@http://vtex.vtexassets.com/_v/public/typings/v1/vtex.product-identifier@0.5.0/public/@types/vtex.product-identifier":
  version "0.5.0"
  resolved "http://vtex.vtexassets.com/_v/public/typings/v1/vtex.product-identifier@0.5.0/public/@types/vtex.product-identifier#f5d442b6a7ca648c61e8655a356e8588e49c43b2"

"vtex.product-kit@http://vtex.vtexassets.com/_v/public/typings/v1/vtex.product-kit@1.10.2/public/_types/react":
  version "0.0.0"
  resolved "http://vtex.vtexassets.com/_v/public/typings/v1/vtex.product-kit@1.10.2/public/_types/react#fa7a0347e046eab3dd768998fc9252b2c0dd5aef"

"vtex.product-list@http://vtex.vtexassets.com/_v/public/typings/v1/vtex.product-list@0.37.1/public/@types/vtex.product-list":
  version "0.37.1"
  resolved "http://vtex.vtexassets.com/_v/public/typings/v1/vtex.product-list@0.37.1/public/@types/vtex.product-list#9b4faad9194f5aa2a74e3848eb560b11c5b98513"

"vtex.product-price@http://vtex.vtexassets.com/_v/public/typings/v1/vtex.product-price@1.31.0/public/@types/vtex.product-price":
  version "1.31.0"
  resolved "http://vtex.vtexassets.com/_v/public/typings/v1/vtex.product-price@1.31.0/public/@types/vtex.product-price#d3b0672704ea7ed104d86edbef282708381d5347"

"vtex.product-quantity@http://vtex.vtexassets.com/_v/public/typings/v1/vtex.product-quantity@1.9.0/public/@types/vtex.product-quantity":
  version "1.9.0"
  resolved "http://vtex.vtexassets.com/_v/public/typings/v1/vtex.product-quantity@1.9.0/public/@types/vtex.product-quantity#686536c85e0bf7af98f803dc4385f959c181bb07"

"vtex.product-review-interfaces@http://vtex.vtexassets.com/_v/public/typings/v1/vtex.product-review-interfaces@1.0.2/public/_types/react":
  version "1.0.2"
  resolved "http://vtex.vtexassets.com/_v/public/typings/v1/vtex.product-review-interfaces@1.0.2/public/_types/react#84d1997cdae079d1401611f3d4a4619ed914673f"

"vtex.product-specification-badges@http://vtex.vtexassets.com/_v/public/typings/v1/vtex.product-specification-badges@0.3.0/public/@types/vtex.product-specification-badges":
  version "0.3.0"
  resolved "http://vtex.vtexassets.com/_v/public/typings/v1/vtex.product-specification-badges@0.3.0/public/@types/vtex.product-specification-badges#2df6b189acfabf642504df02d7b8ad406ee90c07"

"vtex.product-specifications@http://vtex.vtexassets.com/_v/public/typings/v1/vtex.product-specifications@1.1.1/public/@types/vtex.product-specifications":
  version "1.1.1"
  resolved "http://vtex.vtexassets.com/_v/public/typings/v1/vtex.product-specifications@1.1.1/public/@types/vtex.product-specifications#f680211515fcab9f5498804df9402369ef2dabb8"

"vtex.product-summary@http://vtex.vtexassets.com/_v/public/typings/v1/vtex.product-summary@2.89.0/public/@types/vtex.product-summary":
  version "2.89.0"
  resolved "http://vtex.vtexassets.com/_v/public/typings/v1/vtex.product-summary@2.89.0/public/@types/vtex.product-summary#7ab43385439c520bfb7db6c1d073fdb069776960"

"vtex.render-runtime@http://vtex.vtexassets.com/_v/public/typings/v1/vtex.render-runtime@8.134.2/public/@types/vtex.render-runtime":
  version "8.134.2"
  resolved "http://vtex.vtexassets.com/_v/public/typings/v1/vtex.render-runtime@8.134.2/public/@types/vtex.render-runtime#ae69e2b2a471291c6c6b155e17510150fbfc2d0e"

"vtex.responsive-layout@http://vtex.vtexassets.com/_v/public/typings/v1/vtex.responsive-layout@0.1.4/public/@types/vtex.responsive-layout":
  version "0.1.4"
  resolved "http://vtex.vtexassets.com/_v/public/typings/v1/vtex.responsive-layout@0.1.4/public/@types/vtex.responsive-layout#e67d61ec1e308accb4e0ef2bd172fe04a41bf662"

"vtex.reviews-and-ratings@http://vtex.vtexassets.com/_v/public/typings/v1/vtex.reviews-and-ratings@2.13.0/public/@types/vtex.reviews-and-ratings":
  version "2.13.0"
  resolved "http://vtex.vtexassets.com/_v/public/typings/v1/vtex.reviews-and-ratings@2.13.0/public/@types/vtex.reviews-and-ratings#077c62ebb311adf8c46ad2bd8b0cdeec378bc51c"

"vtex.rich-text@http://vtex.vtexassets.com/_v/public/typings/v1/vtex.rich-text@0.16.0/public/@types/vtex.rich-text":
  version "0.16.0"
  resolved "http://vtex.vtexassets.com/_v/public/typings/v1/vtex.rich-text@0.16.0/public/@types/vtex.rich-text#0cdcaccffb37ae0d025894ba7055f69bc3c9aa30"

"vtex.search-resolver@http://vtex.vtexassets.com/_v/public/typings/v1/vtex.search-resolver@1.70.0/public/_types/react":
  version "0.0.0"
  resolved "http://vtex.vtexassets.com/_v/public/typings/v1/vtex.search-resolver@1.70.0/public/_types/react#fa7a0347e046eab3dd768998fc9252b2c0dd5aef"

"vtex.search-result@http://vtex.vtexassets.com/_v/public/typings/v1/vtex.search-result@3.132.2/public/@types/vtex.search-result":
  version "3.132.2"
  resolved "http://vtex.vtexassets.com/_v/public/typings/v1/vtex.search-result@3.132.2/public/@types/vtex.search-result#c49992a76e9e72e0fe900bf49d0251deecb6f11d"

"vtex.search@http://vtex.vtexassets.com/_v/public/typings/v1/vtex.search@2.17.0/public/@types/vtex.search":
  version "2.17.0"
  resolved "http://vtex.vtexassets.com/_v/public/typings/v1/vtex.search@2.17.0/public/@types/vtex.search#24dbcf5d8eef807eb9fa72f38c7d8bd58eb3bb20"

"vtex.shelf@http://vtex.vtexassets.com/_v/public/typings/v1/vtex.shelf@1.48.0/public/@types/vtex.shelf":
  version "1.48.0"
  resolved "http://vtex.vtexassets.com/_v/public/typings/v1/vtex.shelf@1.48.0/public/@types/vtex.shelf#a94e202bd2db764eddd9d0132ab153297fa07154"

"vtex.shipping-estimate-translator@http://vtex.vtexassets.com/_v/public/typings/v1/vtex.shipping-estimate-translator@2.3.0/public/@types/vtex.shipping-estimate-translator":
  version "2.3.0"
  resolved "http://vtex.vtexassets.com/_v/public/typings/v1/vtex.shipping-estimate-translator@2.3.0/public/@types/vtex.shipping-estimate-translator#47cd5baf775e33d3c623c56bbe223acca703faf7"

"vtex.shopper-location@http://vtex.vtexassets.com/_v/public/typings/v1/vtex.shopper-location@0.3.0/public/@types/vtex.shopper-location":
  version "0.3.0"
  resolved "http://vtex.vtexassets.com/_v/public/typings/v1/vtex.shopper-location@0.3.0/public/@types/vtex.shopper-location#436a733a813b5e1ccb65b2b4314b1295839a50ca"

"vtex.sku-list@http://vtex.vtexassets.com/_v/public/typings/v1/vtex.sku-list@1.3.0/public/@types/vtex.sku-list":
  version "1.3.0"
  resolved "http://vtex.vtexassets.com/_v/public/typings/v1/vtex.sku-list@1.3.0/public/@types/vtex.sku-list#07bec111003089ff778519d6e63117d071f33a25"

"vtex.slider-layout@http://vtex.vtexassets.com/_v/public/typings/v1/vtex.slider-layout@0.24.4/public/@types/vtex.slider-layout":
  version "0.24.4"
  resolved "http://vtex.vtexassets.com/_v/public/typings/v1/vtex.slider-layout@0.24.4/public/@types/vtex.slider-layout#81731b60025929589adeea1ffd3e12eb1d9480e1"

"vtex.slider@http://vtex.vtexassets.com/_v/public/typings/v1/vtex.slider@0.8.3/public/@types/vtex.slider":
  version "0.8.3"
  resolved "http://vtex.vtexassets.com/_v/public/typings/v1/vtex.slider@0.8.3/public/@types/vtex.slider#9b7be08012a5d3ec41fdc651235a964cb5f7db85"

"vtex.stack-layout@http://vtex.vtexassets.com/_v/public/typings/v1/vtex.stack-layout@0.1.1/public/@types/vtex.stack-layout":
  version "0.1.1"
  resolved "http://vtex.vtexassets.com/_v/public/typings/v1/vtex.stack-layout@0.1.1/public/@types/vtex.stack-layout#d7ae9ed78c33073482ceb753a7cfa11c7cb8d83f"

"vtex.sticky-layout@http://vtex.vtexassets.com/_v/public/typings/v1/vtex.sticky-layout@0.3.4/public/@types/vtex.sticky-layout":
  version "0.3.4"
  resolved "http://vtex.vtexassets.com/_v/public/typings/v1/vtex.sticky-layout@0.3.4/public/@types/vtex.sticky-layout#5b786d6f9ab0a40e4997c955a75885eee32515ef"

"vtex.store-components@http://vtex.vtexassets.com/_v/public/typings/v1/vtex.store-components@3.173.0/public/@types/vtex.store-components":
  version "3.173.0"
  resolved "http://vtex.vtexassets.com/_v/public/typings/v1/vtex.store-components@3.173.0/public/@types/vtex.store-components#c57196f89906ac33d5fadde06685c9fb365d9891"

"vtex.store-drawer@http://vtex.vtexassets.com/_v/public/typings/v1/vtex.store-drawer@0.17.1/public/@types/vtex.store-drawer":
  version "0.17.1"
  resolved "http://vtex.vtexassets.com/_v/public/typings/v1/vtex.store-drawer@0.17.1/public/@types/vtex.store-drawer#1d545bafa072e746964bdd78d43cf1726bce32f3"

"vtex.store-footer@http://vtex.vtexassets.com/_v/public/typings/v1/vtex.store-footer@2.27.0/public/@types/vtex.store-footer":
  version "2.27.0"
  resolved "http://vtex.vtexassets.com/_v/public/typings/v1/vtex.store-footer@2.27.0/public/@types/vtex.store-footer#81c4e23689a6d4e97d6b8b8de930f76c7dfdcbd9"

"vtex.store-form@http://vtex.vtexassets.com/_v/public/typings/v1/vtex.store-form@0.10.1/public/@types/vtex.store-form":
  version "0.10.1"
  resolved "http://vtex.vtexassets.com/_v/public/typings/v1/vtex.store-form@0.10.1/public/@types/vtex.store-form#fc5b27638a1cebaf739c03a951f750a3642e2860"

"vtex.store-graphql@http://vtex.vtexassets.com/_v/public/typings/v1/vtex.store-graphql@2.171.0/public/@types/vtex.store-graphql":
  version "2.171.0"
  resolved "http://vtex.vtexassets.com/_v/public/typings/v1/vtex.store-graphql@2.171.0/public/@types/vtex.store-graphql#97d4e6caab10537776f25956ca92e73828d7f1ba"

"vtex.store-header@http://vtex.vtexassets.com/_v/public/typings/v1/vtex.store-header@2.29.0/public/@types/vtex.store-header":
  version "2.29.0"
  resolved "http://vtex.vtexassets.com/_v/public/typings/v1/vtex.store-header@2.29.0/public/@types/vtex.store-header#702033f782c6c25ae2fed42b5a3703db5fd1ac87"

"vtex.store-icons@http://vtex.vtexassets.com/_v/public/typings/v1/vtex.store-icons@0.18.0/public/@types/vtex.store-icons":
  version "0.18.0"
  resolved "http://vtex.vtexassets.com/_v/public/typings/v1/vtex.store-icons@0.18.0/public/@types/vtex.store-icons#0ee94d549aa283ce3a13ab987c13eac4fdfd1bba"

"vtex.store-image@http://vtex.vtexassets.com/_v/public/typings/v1/vtex.store-image@0.21.0/public/@types/vtex.store-image":
  version "0.21.0"
  resolved "http://vtex.vtexassets.com/_v/public/typings/v1/vtex.store-image@0.21.0/public/@types/vtex.store-image#5bf4e2d3857e92ac91a8de166b402f04e249467c"

"vtex.store-link@http://vtex.vtexassets.com/_v/public/typings/v1/vtex.store-link@0.9.3/public/@types/vtex.store-link":
  version "0.9.3"
  resolved "http://vtex.vtexassets.com/_v/public/typings/v1/vtex.store-link@0.9.3/public/@types/vtex.store-link#aedb5f66c1d478bcc14041f6232fa30a912a88fd"

"vtex.store-newsletter@http://vtex.vtexassets.com/_v/public/typings/v1/vtex.store-newsletter@1.3.0/public/@types/vtex.store-newsletter":
  version "1.3.0"
  resolved "http://vtex.vtexassets.com/_v/public/typings/v1/vtex.store-newsletter@1.3.0/public/@types/vtex.store-newsletter#29dd0374e8b44dbf734b7e14f31c2b11e1be71fc"

"vtex.store-video@http://vtex.vtexassets.com/_v/public/typings/v1/vtex.store-video@1.4.3/public/@types/vtex.store-video":
  version "1.4.3"
  resolved "http://vtex.vtexassets.com/_v/public/typings/v1/vtex.store-video@1.4.3/public/@types/vtex.store-video#39c9ebc2b1d0edbf3310226b6d93bc1c09091856"

"vtex.store@http://vtex.vtexassets.com/_v/public/typings/v1/vtex.store@2.136.0/public/@types/vtex.store":
  version "2.136.0"
  resolved "http://vtex.vtexassets.com/_v/public/typings/v1/vtex.store@2.136.0/public/@types/vtex.store#ca37894cda57c42eb577be935dff645dc3b320e0"

"vtex.styleguide@http://vtex.vtexassets.com/_v/public/typings/v1/vtex.styleguide@9.146.9/public/@types/vtex.styleguide":
  version "9.146.9"
  resolved "http://vtex.vtexassets.com/_v/public/typings/v1/vtex.styleguide@9.146.9/public/@types/vtex.styleguide#d1601fedfb665c6173334753171717da64e670bc"

"vtex.tab-layout@http://vtex.vtexassets.com/_v/public/typings/v1/vtex.tab-layout@0.4.6/public/@types/vtex.tab-layout":
  version "0.4.6"
  resolved "http://vtex.vtexassets.com/_v/public/typings/v1/vtex.tab-layout@0.4.6/public/@types/vtex.tab-layout#d0331c51239c0f677e1e405a967eb3e7dcad5cb9"

"vtex.telemarketing@http://vtex.vtexassets.com/_v/public/typings/v1/vtex.telemarketing@2.12.1/public/@types/vtex.telemarketing":
  version "2.12.1"
  resolved "http://vtex.vtexassets.com/_v/public/typings/v1/vtex.telemarketing@2.12.1/public/@types/vtex.telemarketing#0b43598b66598b4085af04268140ea8a8d84e263"

"vtex.use-svg@http://vtex.vtexassets.com/_v/public/typings/v1/vtex.use-svg@1.0.1/public/_types/react":
  version "0.0.0"
  resolved "http://vtex.vtexassets.com/_v/public/typings/v1/vtex.use-svg@1.0.1/public/_types/react#fa7a0347e046eab3dd768998fc9252b2c0dd5aef"

"vtex.visibility-layout@http://vtex.vtexassets.com/_v/public/typings/v1/vtex.visibility-layout@0.2.1/public/@types/vtex.visibility-layout":
  version "0.2.1"
  resolved "http://vtex.vtexassets.com/_v/public/typings/v1/vtex.visibility-layout@0.2.1/public/@types/vtex.visibility-layout#ceb2926c8a9e2dbec9c4c637f2c3e2317ec9ec46"

"vtex.wish-list@http://vtex.vtexassets.com/_v/public/typings/v1/vtex.wish-list@1.18.0/public/@types/vtex.wish-list":
  version "1.18.0"
  resolved "http://vtex.vtexassets.com/_v/public/typings/v1/vtex.wish-list@1.18.0/public/@types/vtex.wish-list#ecca26017681c0a0562e85b8b94e2ba9bef498cd"
